lockfileVersion: 5.3

specifiers:
  '@types/lodash': ^4.14.176
  '@types/node': ^16.11.6
  '@types/url-join': ^4.0.1
  '@types/web': ^0.0.44
  axios: ^0.24.0
  eventemitter2: ^6.4.5
  lodash: ^4.17.21
  node-cache: ^5.1.2
  typescript: ^4.4.4
  url-join: ^4.0.1

dependencies:
  axios: 0.24.0
  eventemitter2: 6.4.5
  lodash: 4.17.21
  node-cache: 5.1.2
  url-join: 4.0.1

devDependencies:
  '@types/lodash': 4.14.176
  '@types/node': 16.11.6
  '@types/url-join': 4.0.1
  '@types/web': 0.0.44
  typescript: 4.4.4

packages:

  /@types/lodash/4.14.176:
    resolution: {integrity: sha512-xZmuPTa3rlZoIbtDUyJKZQimJV3bxCmzMIO2c9Pz9afyDro6kr7R79GwcB6mRhuoPmV2p1Vb66WOJH7F886WKQ==}
    dev: true

  /@types/node/16.11.6:
    resolution: {integrity: sha512-ua7PgUoeQFjmWPcoo9khiPum3Pd60k4/2ZGXt18sm2Slk0W0xZTqt5Y0Ny1NyBiN1EVQ/+FaF9NcY4Qe6rwk5w==}
    dev: true

  /@types/url-join/4.0.1:
    resolution: {integrity: sha512-wDXw9LEEUHyV+7UWy7U315nrJGJ7p1BzaCxDpEoLr789Dk1WDVMMlf3iBfbG2F8NdWnYyFbtTxUn2ZNbm1Q4LQ==}
    dev: true

  /@types/web/0.0.44:
    resolution: {integrity: sha512-qYL7fI6zaSU/GONRJpkvm5pM4yfSxg8KHwEkU5nflGmPCNVNamAPq/JqFJMcnC3RS/8MVnO8xTdkr5kpis+xjw==}
    dev: true

  /axios/0.24.0:
    resolution: {integrity: sha512-Q6cWsys88HoPgAaFAVUb0WpPk0O8iTeisR9IMqy9G8AbO4NlpVknrnQS03zzF9PGAWgO3cgletO3VjV/P7VztA==}
    dependencies:
      follow-redirects: 1.14.5
    transitivePeerDependencies:
      - debug
    dev: false

  /clone/2.1.2:
    resolution: {integrity: sha1-G39Ln1kfHo+DZwQBYANFoCiHQ18=}
    engines: {node: '>=0.8'}
    dev: false

  /eventemitter2/6.4.5:
    resolution: {integrity: sha512-bXE7Dyc1i6oQElDG0jMRZJrRAn9QR2xyyFGmBdZleNmyQX0FqGYmhZIrIrpPfm/w//LTo4tVQGOGQcGCb5q9uw==}
    dev: false

  /follow-redirects/1.14.5:
    resolution: {integrity: sha512-wtphSXy7d4/OR+MvIFbCVBDzZ5520qV8XfPklSN5QtxuMUJZ+b0Wnst1e1lCDocfzuCkHqj8k0FpZqO+UIaKNA==}
    engines: {node: '>=4.0'}
    peerDependencies:
      debug: '*'
    peerDependenciesMeta:
      debug:
        optional: true
    dev: false

  /lodash/4.17.21:
    resolution: {integrity: sha512-v2kDEe57lecTulaDIuNTPy3Ry4gLGJ6Z1O3vE1krgXZNrsQ+LFTGHVxVjcXPs17LhbZVGedAJv8XZ1tvj5FvSg==}
    dev: false

  /node-cache/5.1.2:
    resolution: {integrity: sha512-t1QzWwnk4sjLWaQAS8CHgOJ+RAfmHpxFWmc36IWTiWHQfs0w5JDMBS1b1ZxQteo0vVVuWJvIUKHDkkeK7vIGCg==}
    engines: {node: '>= 8.0.0'}
    dependencies:
      clone: 2.1.2
    dev: false

  /typescript/4.4.4:
    resolution: {integrity: sha512-DqGhF5IKoBl8WNf8C1gu8q0xZSInh9j1kJJMqT3a94w1JzVaBU4EXOSMrz9yDqMT0xt3selp83fuFMQ0uzv6qA==}
    engines: {node: '>=4.2.0'}
    hasBin: true
    dev: true

  /url-join/4.0.1:
    resolution: {integrity: sha512-jk1+QP6ZJqyOiuEI9AEWQfju/nB2Pw466kbA0LEZljHwKeMgd9WrAEgEGxjPDD2+TNbbb37rTyhEfrCXfuKXnA==}
    dev: false
