lockfileVersion: '6.0'

settings:
  autoInstallPeers: true
  excludeLinksFromLockfile: false

dependencies:
  '@types/app-root-path':
    specifier: ^1.2.4
    version: 1.2.4
  '@types/ioredis':
    specifier: ^4.27.6
    version: 4.27.6
  '@types/lodash':
    specifier: ^4.14.175
    version: 4.14.175
  '@types/minimatch':
    specifier: ^3.0.5
    version: 3.0.5
  '@types/node':
    specifier: ^16.10.3
    version: 16.10.3
  '@types/pino':
    specifier: ^6.3.11
    version: 6.3.11
  '@types/yargs':
    specifier: ^17.0.3
    version: 17.0.3
  app-root-path:
    specifier: ^3.0.0
    version: 3.0.0
  axios:
    specifier: ^0.23.0
    version: 0.23.0
  fastify:
    specifier: ^3.22.0
    version: 3.22.0
  fastify-auth:
    specifier: ^1.1.0
    version: 1.1.0
  fastify-autoload:
    specifier: ^3.9.0
    version: 3.9.0
  fastify-cookie:
    specifier: ^5.3.1
    version: 5.3.1
  fastify-error:
    specifier: ^0.3.1
    version: 0.3.1
  fastify-helmet:
    specifier: ^5.3.2
    version: 5.3.2
  fastify-jwt:
    specifier: ^3.2.0
    version: 3.2.0
  fastify-plugin:
    specifier: ^3.0.0
    version: 3.0.0
  http-status-codes:
    specifier: ^2.1.4
    version: 2.1.4
  ioredis:
    specifier: ^4.27.10
    version: 4.27.10
  json-schema-typed:
    specifier: ^7.0.3
    version: 7.0.3
  lodash:
    specifier: ^4.17.21
    version: 4.17.21
  make-promises-safe:
    specifier: ^5.1.0
    version: 5.1.0
  minimatch:
    specifier: ^3.0.5
    version: 3.0.5
  mongoose:
    specifier: ^6.0.10
    version: 6.0.10
  pino:
    specifier: ^6.13.3
    version: 6.13.3
  ts-node:
    specifier: ^10.4.0
    version: 10.4.0(@types/node@16.10.3)(typescript@4.4.3)
  typescript:
    specifier: ^4.4.3
    version: 4.4.3
  yargs:
    specifier: ^17.2.1
    version: 17.2.1

devDependencies:
  dotenv:
    specifier: ^10.0.0
    version: 10.0.0
  pino-pretty:
    specifier: ^7.0.1
    version: 7.0.1

packages:

  /@cspotcode/source-map-consumer@0.8.0:
    resolution: {integrity: sha512-41qniHzTU8yAGbCp04ohlmSrZf8bkf/iJsl3V0dRGsQN/5GFfx+LbCSsCpp2gqrqjTVg/K6O8ycoV35JIwAzAg==}
    engines: {node: '>= 12'}
    dev: false

  /@cspotcode/source-map-support@0.7.0:
    resolution: {integrity: sha512-X4xqRHqN8ACt2aHVe51OxeA2HjbcL4MqFqXkrmQszJ1NOUuUu5u6Vqx/0lZSVNku7velL5FC/s5uEAj1lsBMhA==}
    engines: {node: '>=12'}
    dependencies:
      '@cspotcode/source-map-consumer': 0.8.0
    dev: false

  /@fastify/ajv-compiler@1.1.0:
    resolution: {integrity: sha512-gvCOUNpXsWrIQ3A4aXCLIdblL0tDq42BG/2Xw7oxbil9h11uow10ztS2GuFazNBfjbrsZ5nl+nPl5jDSjj5TSg==}
    dependencies:
      ajv: 6.12.6
    dev: false

  /@tsconfig/node10@1.0.8:
    resolution: {integrity: sha512-6XFfSQmMgq0CFLY1MslA/CPUfhIL919M1rMsa5lP2P097N2Wd1sSX0tx1u4olM16fLNhtHZpRhedZJphNJqmZg==}
    dev: false

  /@tsconfig/node12@1.0.9:
    resolution: {integrity: sha512-/yBMcem+fbvhSREH+s14YJi18sp7J9jpuhYByADT2rypfajMZZN4WQ6zBGgBKp53NKmqI36wFYDb3yaMPurITw==}
    dev: false

  /@tsconfig/node14@1.0.1:
    resolution: {integrity: sha512-509r2+yARFfHHE7T6Puu2jjkoycftovhXRqW328PDXTVGKihlb1P8Z9mMZH04ebyajfRY7dedfGynlrFHJUQCg==}
    dev: false

  /@tsconfig/node16@1.0.2:
    resolution: {integrity: sha512-eZxlbI8GZscaGS7kkc/trHTT5xgrjH3/1n2JDwusC9iahPKWMRvRjJSAN5mCXviuTGQ/lHnhvv8Q1YTpnfz9gA==}
    dev: false

  /@types/app-root-path@1.2.4:
    resolution: {integrity: sha1-p4twMoKzKsVN52j1US7MNWmRncc=}
    dev: false

  /@types/ioredis@4.27.6:
    resolution: {integrity: sha512-3FeeDlVQ2sdbvU436XnZzOiDMMgFbKfIsiUF2BnJnH7xxqCbJ1teJwfcu9fLwnfmV0qH2W1Vg3jFrtOehNIkMA==}
    dependencies:
      '@types/node': 16.10.3
    dev: false

  /@types/jsonwebtoken@8.5.5:
    resolution: {integrity: sha512-OGqtHQ7N5/Ap/TUwO6IgHDuLiAoTmHhGpNvgkCm/F4N6pKzx/RBSfr2OXZSwC6vkfnsEdb6+7DNZVtiXiwdwFw==}
    dependencies:
      '@types/node': 16.10.3
    dev: false

  /@types/lodash@4.14.175:
    resolution: {integrity: sha512-XmdEOrKQ8a1Y/yxQFOMbC47G/V2VDO1GvMRnl4O75M4GW/abC5tnfzadQYkqEveqRM1dEJGFFegfPNA2vvx2iw==}
    dev: false

  /@types/minimatch@3.0.5:
    resolution: {integrity: sha512-Klz949h02Gz2uZCMGwDUSDS1YBlTdDDgbWHi+81l29tQALUtvz4rAYi5uoVhE5Lagoq6DeqAUlbrHvW/mXDgdQ==}
    dev: false

  /@types/node@16.10.3:
    resolution: {integrity: sha512-ho3Ruq+fFnBrZhUYI46n/bV2GjwzSkwuT4dTf0GkuNFmnb8nq4ny2z9JEVemFi6bdEJanHLlYfy9c6FN9B9McQ==}
    dev: false

  /@types/pino-pretty@4.7.1:
    resolution: {integrity: sha512-l1ntNXdpVWsnPYUk5HyO5Lxfr38zLCgxVfEn/9Zhhm+nGF04/BiIou/m8XPwvoVZLV+livUo79VdHXMJPfUYxA==}
    dependencies:
      '@types/pino': 6.3.11
    dev: false

  /@types/pino-std-serializers@2.4.1:
    resolution: {integrity: sha512-17XcksO47M24IVTVKPeAByWUd3Oez7EbIjXpSbzMPhXVzgjGtrOa49gKBwxH9hb8dKv58OelsWQ+A1G1l9S3wQ==}
    dependencies:
      '@types/node': 16.10.3
    dev: false

  /@types/pino@6.3.11:
    resolution: {integrity: sha512-S7+fLONqSpHeW9d7TApUqO6VN47KYgOXhCNKwGBVLHObq8HhaAYlVqUNdfnvoXjCMiwE5xcPm/5R2ZUh8bgaXQ==}
    dependencies:
      '@types/node': 16.10.3
      '@types/pino-pretty': 4.7.1
      '@types/pino-std-serializers': 2.4.1
      sonic-boom: 2.3.0
    dev: false

  /@types/webidl-conversions@6.1.1:
    resolution: {integrity: sha512-XAahCdThVuCFDQLT7R7Pk/vqeObFNL3YqRyFZg+AqAP/W1/w3xHaIxuW7WszQqTbIBOPRcItYJIou3i/mppu3Q==}
    dev: false

  /@types/whatwg-url@8.2.1:
    resolution: {integrity: sha512-2YubE1sjj5ifxievI5Ge1sckb9k/Er66HyR2c+3+I6VDUUg1TLPdYYTEbQ+DjRkS4nTxMJhgWfSfMRD2sl2EYQ==}
    dependencies:
      '@types/node': 16.10.3
      '@types/webidl-conversions': 6.1.1
    dev: false

  /@types/yargs-parser@20.2.1:
    resolution: {integrity: sha512-7tFImggNeNBVMsn0vLrpn1H1uPrUBdnARPTpZoitY37ZrdJREzf7I16tMrlK3hen349gr1NYh8CmZQa7CTG6Aw==}
    dev: false

  /@types/yargs@17.0.3:
    resolution: {integrity: sha512-K7rm3Ke3ag/pAniBe80A6J6fjoqRibvCrl3dRmtXV9eCEt9h/pZwmHX9MzjQVUc/elneQTL4Ky7XKorC71Lmxw==}
    dependencies:
      '@types/yargs-parser': 20.2.1
    dev: false

  /abstract-logging@2.0.1:
    resolution: {integrity: sha512-2BjRTZxTPvheOvGbBslFSYOUkr+SjPtOnrLP33f+VIWLzezQpZcqVg7ja3L4dBXmzzgwT+a029jRx5PCi3JuiA==}
    dev: false

  /acorn-walk@8.2.0:
    resolution: {integrity: sha512-k+iyHEuPgSw6SbuDpGQM+06HQUa04DZ3o+F6CSzXMvvI5KMvnaEqXe+YVe555R9nn6GPt404fos4wcgpw12SDA==}
    engines: {node: '>=0.4.0'}
    dev: false

  /acorn@8.5.0:
    resolution: {integrity: sha512-yXbYeFy+jUuYd3/CDcg2NkIYE991XYX/bje7LmjJigUciaeO1JR4XxXgCIV1/Zc/dRuFEyw1L0pbA+qynJkW5Q==}
    engines: {node: '>=0.4.0'}
    hasBin: true
    dev: false

  /ajv@6.12.6:
    resolution: {integrity: sha512-j3fVLgvTo527anyYyJOGTYJbG+vnnQYvE0m5mmkc1TK+nxAppkCLMIL0aZ4dblVCNoGShhm+kzE4ZUykBoMg4g==}
    dependencies:
      fast-deep-equal: 3.1.3
      fast-json-stable-stringify: 2.1.0
      json-schema-traverse: 0.4.1
      uri-js: 4.4.1
    dev: false

  /ajv@8.6.3:
    resolution: {integrity: sha512-SMJOdDP6LqTkD0Uq8qLi+gMwSt0imXLSV080qFVwJCpH9U6Mb+SUGHAXM0KNbcBPguytWyvFxcHgMLe2D2XSpw==}
    dependencies:
      fast-deep-equal: 3.1.3
      json-schema-traverse: 1.0.0
      require-from-string: 2.0.2
      uri-js: 4.4.1
    dev: false

  /ansi-regex@5.0.1:
    resolution: {integrity: sha512-quJQXlTSUGL2LH9SUXo8VwsY4soanhgo6LNSm84E1LBcE8s3O0wpdiRzyR9z/ZZJMlMWv37qOOb9pdJlMUEKFQ==}
    engines: {node: '>=8'}
    dev: false

  /ansi-styles@3.2.1:
    resolution: {integrity: sha512-VT0ZI6kZRdTh8YyJw3SMbYm/u+NqfsAxEpWO0Pf9sq8/e94WxxOpPKx9FR1FlyCtOVDNOQ+8ntlqFxiRc+r5qA==}
    engines: {node: '>=4'}
    dependencies:
      color-convert: 1.9.3
    dev: true

  /ansi-styles@4.3.0:
    resolution: {integrity: sha512-zbB9rCJAT1rbjiVDb2hqKFHNYLxgtk8NURxZ3IZwD3F6NtxbXZQCnnSi1Lkx+IDohdPlFp222wVALIheZJQSEg==}
    engines: {node: '>=8'}
    dependencies:
      color-convert: 2.0.1
    dev: false

  /app-root-path@3.0.0:
    resolution: {integrity: sha512-qMcx+Gy2UZynHjOHOIXPNvpf+9cjvk3cWrBBK7zg4gH9+clobJRb9NGzcT7mQTcV/6Gm/1WelUtqxVXnNlrwcw==}
    engines: {node: '>= 6.0.0'}
    dev: false

  /archy@1.0.0:
    resolution: {integrity: sha1-+cjBN1fMHde8N5rHeyxipcKGjEA=}
    dev: false

  /arg@4.1.3:
    resolution: {integrity: sha512-58S9QDqG0Xx27YwPSt9fJxivjYl432YCwfDMfZ+71RAqUrZef7LrKQZ3LHLOwCS4FLNBplP533Zx895SeOCHvA==}
    dev: false

  /args@5.0.1:
    resolution: {integrity: sha512-1kqmFCFsPffavQFGt8OxJdIcETti99kySRUPMpOhaGjL6mRJn8HFU1OxKY5bMqfZKUwTQc1mZkAjmGYaVOHFtQ==}
    engines: {node: '>= 6.0.0'}
    dependencies:
      camelcase: 5.0.0
      chalk: 2.4.2
      leven: 2.1.0
      mri: 1.1.4
    dev: true

  /atomic-sleep@1.0.0:
    resolution: {integrity: sha512-kNOjDqAh7px0XWNI+4QbzoiR/nTkHAWNud2uvnJquD1/x5a7EQZMJT0AczqK0Qn67oY/TTQ1LbUKajZpp3I9tQ==}
    engines: {node: '>=8.0.0'}

  /avvio@7.2.2:
    resolution: {integrity: sha512-XW2CMCmZaCmCCsIaJaLKxAzPwF37fXi1KGxNOvedOpeisLdmxZnblGc3hpHWYnlP+KOUxZsazh43WXNHgXpbqw==}
    dependencies:
      archy: 1.0.0
      debug: 4.3.2
      fastq: 1.13.0
      queue-microtask: 1.2.3
    transitivePeerDependencies:
      - supports-color
    dev: false

  /axios@0.23.0:
    resolution: {integrity: sha512-NmvAE4i0YAv5cKq8zlDoPd1VLKAqX5oLuZKs8xkJa4qi6RGn0uhCYFjWtHHC9EM/MwOwYWOs53W+V0aqEXq1sg==}
    dependencies:
      follow-redirects: 1.14.4
    transitivePeerDependencies:
      - debug
    dev: false

  /balanced-match@1.0.2:
    resolution: {integrity: sha512-3oSeUO0TMV67hN1AmbXsK4yaqU7tjiHlbxRDZOpH0KW9+CeX4bRAaX0Anxt0tx2MrpRpWwQaPwIlISEJhYU5Pw==}
    dev: false

  /base64-js@1.5.1:
    resolution: {integrity: sha512-AKpaYlHn8t4SVbOHCy+b5+KKgvR4vrsD8vbvrbiQJps7fKDTkjkDry6ji0rUJjC0kzbNePLwzxq8iypo41qeWA==}
    dev: false

  /brace-expansion@1.1.11:
    resolution: {integrity: sha512-iCuPHDFgrHX7H2vEI/5xpz07zSHB00TpugqhmYtVmMO6518mCuRMoOYFldEBl0g187ufozdaHgWKcYFb61qGiA==}
    dependencies:
      balanced-match: 1.0.2
      concat-map: 0.0.1
    dev: false

  /bson@4.5.3:
    resolution: {integrity: sha512-qVX7LX79Mtj7B3NPLzCfBiCP6RAsjiV8N63DjlaVVpZW+PFoDTxQ4SeDbSpcqgE6mXksM5CAwZnXxxxn/XwC0g==}
    engines: {node: '>=6.9.0'}
    dependencies:
      buffer: 5.7.1
    dev: false

  /buffer-equal-constant-time@1.0.1:
    resolution: {integrity: sha1-+OcRMvf/5uAaXJaXpMbz5I1cyBk=}
    dev: false

  /buffer@5.7.1:
    resolution: {integrity: sha512-EHcyIPBQ4BSGlvjB16k5KgAJ27CIsHY/2JBmCRReo48y9rQ3MaUzWX3KVlBa4U7MyX02HdVj0K7C3WaB3ju7FQ==}
    dependencies:
      base64-js: 1.5.1
      ieee754: 1.2.1
    dev: false

  /camelcase@5.0.0:
    resolution: {integrity: sha512-faqwZqnWxbxn+F1d399ygeamQNy3lPp/H9H6rNrqYh4FSVCtcY+3cub1MxA8o9mDd55mM8Aghuu/kuyYA6VTsA==}
    engines: {node: '>=6'}
    dev: true

  /chalk@2.4.2:
    resolution: {integrity: sha512-Mti+f9lpJNcwF4tWV8/OrTTtF1gZi+f8FqlyAdouralcFWFQWF2+NgCHShjkCb+IFBLq9buZwE1xckQU4peSuQ==}
    engines: {node: '>=4'}
    dependencies:
      ansi-styles: 3.2.1
      escape-string-regexp: 1.0.5
      supports-color: 5.5.0
    dev: true

  /cliui@7.0.4:
    resolution: {integrity: sha512-OcRE68cOsVMXp1Yvonl/fzkQOyjLSu/8bhPDfQt0e0/Eb283TKP20Fs2MqoPsr9SwA595rRCA+QMzYc9nBP+JQ==}
    dependencies:
      string-width: 4.2.3
      strip-ansi: 6.0.1
      wrap-ansi: 7.0.0
    dev: false

  /cluster-key-slot@1.1.0:
    resolution: {integrity: sha512-2Nii8p3RwAPiFwsnZvukotvow2rIHM+yQ6ZcBXGHdniadkYGZYiGmkHJIbZPIV9nfv7m/U1IPMVVcAhoWFeklw==}
    engines: {node: '>=0.10.0'}
    dev: false

  /color-convert@1.9.3:
    resolution: {integrity: sha512-QfAUtd+vFdAtFQcC8CCyYt1fYWxSqAiK2cSD6zDB8N3cpsEBAvRxp9zOGg6G/SHHJYAT88/az/IuDGALsNVbGg==}
    dependencies:
      color-name: 1.1.3
    dev: true

  /color-convert@2.0.1:
    resolution: {integrity: sha512-RRECPsj7iu/xb5oKYcsFHSppFNnsj/52OVTRKb4zP5onXwVF3zVmmToNcOfGC+CRDpfK/U584fMg38ZHCaElKQ==}
    engines: {node: '>=7.0.0'}
    dependencies:
      color-name: 1.1.4
    dev: false

  /color-name@1.1.3:
    resolution: {integrity: sha1-p9BVi9icQveV3UIyj3QIMcpTvCU=}
    dev: true

  /color-name@1.1.4:
    resolution: {integrity: sha512-dOy+3AuW3a2wNbZHIuMZpTcgjGuLU/uBL/ubcZF9OXbDo8ff4O8yVp5Bf0efS8uEoYo5q4Fx7dY9OgQGXgAsQA==}
    dev: false

  /colorette@2.0.16:
    resolution: {integrity: sha512-hUewv7oMjCp+wkBv5Rm0v87eJhq4woh5rSR+42YSQJKecCqgIqNkZ6lAlQms/BwHPJA5NKMRlpxPRv0n8HQW6g==}
    dev: true

  /concat-map@0.0.1:
    resolution: {integrity: sha512-/Srv4dswyQNBfohGpz9o6Yb3Gz3SrUDqBH5rTuhGR7ahtlbYKnVxw2bCFMRljaA7EXHaXZ8wsHdodFvbkhKmqg==}
    dev: false

  /cookie-signature@1.1.0:
    resolution: {integrity: sha512-Alvs19Vgq07eunykd3Xy2jF0/qSNv2u7KDbAek9H5liV1UMijbqFs5cycZvv5dVsvseT/U4H8/7/w8Koh35C4A==}
    engines: {node: '>=6.6.0'}
    dev: false

  /cookie@0.4.1:
    resolution: {integrity: sha512-ZwrFkGJxUR3EIoXtO+yVE69Eb7KlixbaeAWfBQB9vVsNn/o+Yw69gBWSSDK825hQNdN+wF8zELf3dFNl/kxkUA==}
    engines: {node: '>= 0.6'}
    dev: false

  /create-require@1.1.1:
    resolution: {integrity: sha512-dcKFX3jn0MpIaXjisoRvexIJVEKzaq7z2rZKxf+MSr9TkdmHmsU4m2lcLojrj/FHl8mk5VxMmYA+ftRkP/3oKQ==}
    dev: false

  /dateformat@4.6.3:
    resolution: {integrity: sha512-2P0p0pFGzHS5EMnhdxQi7aJN+iMheud0UhG4dlE1DLAlvL8JHjJJTX/CSm4JXwV0Ka5nGk3zC5mcb5bUQUxxMA==}
    dev: true

  /debug@4.3.2:
    resolution: {integrity: sha512-mOp8wKcvj7XxC78zLgw/ZA+6TSgkoE2C/ienthhRD298T7UNwAg9diBpLRxC0mOezLl4B0xV7M0cCO6P/O0Xhw==}
    engines: {node: '>=6.0'}
    peerDependencies:
      supports-color: '*'
    peerDependenciesMeta:
      supports-color:
        optional: true
    dependencies:
      ms: 2.1.2
    dev: false

  /deepmerge@4.2.2:
    resolution: {integrity: sha512-FJ3UgI4gIl+PHZm53knsuSFpE+nESMr7M4v9QcgB7S63Kj/6WqMiFQJpBBYz1Pt+66bZpP3Q7Lye0Oo9MPKEdg==}
    engines: {node: '>=0.10.0'}
    dev: false

  /denque@1.5.1:
    resolution: {integrity: sha512-XwE+iZ4D6ZUB7mfYRMb5wByE8L74HCn30FBN7sWnXksWc1LO1bPDl67pBR9o/kC4z/xSNAwkMYcGgqDV3BE3Hw==}
    engines: {node: '>=0.10'}
    dev: false

  /denque@2.0.1:
    resolution: {integrity: sha512-tfiWc6BQLXNLpNiR5iGd0Ocu3P3VpxfzFiqubLgMfhfOw9WyvgJBd46CClNn9k3qfbjvT//0cf7AlYRX/OslMQ==}
    engines: {node: '>=0.10'}
    dev: false

  /depd@1.1.2:
    resolution: {integrity: sha1-m81S4UwJd2PnSbJ0xDRu0uVgtak=}
    engines: {node: '>= 0.6'}
    dev: false

  /diff@4.0.2:
    resolution: {integrity: sha512-58lmxKSA4BNyLz+HHMUzlOEpg09FV+ev6ZMe3vJihgdxzgcwZ8VoEEPmALCZG9LmqfVoNMMKpttIYTVG6uDY7A==}
    engines: {node: '>=0.3.1'}
    dev: false

  /dotenv@10.0.0:
    resolution: {integrity: sha512-rlBi9d8jpv9Sf1klPjNfFAuWDjKLwTIJJ/VxtoTwIR6hnZxcEOQCZg2oIL3MWBYw5GpUDKOEnND7LXTbIpQ03Q==}
    engines: {node: '>=10'}
    dev: true

  /ecdsa-sig-formatter@1.0.11:
    resolution: {integrity: sha512-nagl3RYrbNv6kQkeJIpt6NJZy8twLB/2vtz6yN9Z4vRKHN4/QZJIEbqohALSgwKdnksuY3k5Addp5lg8sVoVcQ==}
    dependencies:
      safe-buffer: 5.2.1
    dev: false

  /emoji-regex@8.0.0:
    resolution: {integrity: sha512-MSjYzcWNOA0ewAHpz0MxpYFvwg6yjy1NG3xteoqz644VCo/RPgnr1/GGt+ic3iJTzQ8Eu3TdM14SawnVUmGE6A==}
    dev: false

  /end-of-stream@1.4.4:
    resolution: {integrity: sha512-+uw1inIHVPQoaVuHzRyXd21icM+cnt4CzD5rW+NC1wjOUSTOs+Te7FOv7AhN7vS9x/oIyhLP5PR1H+phQAHu5Q==}
    dependencies:
      once: 1.4.0
    dev: true

  /escalade@3.1.1:
    resolution: {integrity: sha512-k0er2gUkLf8O0zKJiAhmkTnJlTvINGv7ygDNPbeIsX/TJjGJZHuh9B2UxbsaEkmlEo9MfhrSzmhIlhRlI2GXnw==}
    engines: {node: '>=6'}
    dev: false

  /escape-string-regexp@1.0.5:
    resolution: {integrity: sha1-G2HAViGQqN/2rjuyzwIAyhMLhtQ=}
    engines: {node: '>=0.8.0'}
    dev: true

  /fast-decode-uri-component@1.0.1:
    resolution: {integrity: sha512-WKgKWg5eUxvRZGwW8FvfbaH7AXSh2cL+3j5fMGzUMCxWBJ3dV3a7Wz8y2f/uQ0e3B6WmodD3oS54jTQ9HVTIIg==}
    dev: false

  /fast-deep-equal@3.1.3:
    resolution: {integrity: sha512-f3qQ9oQy9j2AhBe/H9VC91wLmKBCCU/gDOnKNAYG5hswO7BLKj09Hc5HYNz9cGI++xlpDCIgDaitVs03ATR84Q==}
    dev: false

  /fast-json-stable-stringify@2.1.0:
    resolution: {integrity: sha512-lhd/wF+Lk98HZoTCtlVraHtfh5XYijIjalXck7saUtuanSDyLMxnHhSXEDJqHxD7msR8D0uCmqlkwjCV8xvwHw==}
    dev: false

  /fast-json-stringify@2.7.10:
    resolution: {integrity: sha512-MPuVXMMueV8e3TRVLOpxxicJnSdu5mwbHrsO9IZU15zqfay6k19OqIv7N2DCeNPDOCNOmZwjvMUTwvblZsUmFw==}
    engines: {node: '>= 10.0.0'}
    dependencies:
      ajv: 6.12.6
      deepmerge: 4.2.2
      rfdc: 1.3.0
      string-similarity: 4.0.4
    dev: false

  /fast-redact@3.0.2:
    resolution: {integrity: sha512-YN+CYfCVRVMUZOUPeinHNKgytM1wPI/C/UCLEi56EsY2dwwvI00kIJHJoI7pMVqGoMew8SMZ2SSfHKHULHXDsg==}
    engines: {node: '>=6'}
    dev: false

  /fast-safe-stringify@2.1.1:
    resolution: {integrity: sha512-W+KJc2dmILlPplD/H4K9l9LcAHAfPtP6BY84uVLXQ6Evcz9Lcg33Y2z1IVblT6xdY54PXYVHEv+0Wpq8Io6zkA==}

  /fastfall@1.5.1:
    resolution: {integrity: sha1-P+4DMxpJ0dObPN96XpzWb0dee5Q=}
    engines: {node: '>=0.10.0'}
    dependencies:
      reusify: 1.0.4
    dev: false

  /fastify-auth@1.1.0:
    resolution: {integrity: sha512-8IajmAZB3QJ3wTP0q8Z3TG9DkxrIcAlS85TdPCBEfJi3mMKQd/sCYxtZ0dYv11v5hZaJ9z8XmNzhK3AH6/JpNw==}
    dependencies:
      fastify-plugin: 3.0.0
      reusify: 1.0.4
    dev: false

  /fastify-autoload@3.9.0:
    resolution: {integrity: sha512-GNal/ijLiuwCJBmr7oVVQH/cuDQ9ytm/HbDZLbSWSGr3GW8doGp88vChN3SN87o99isL65whgoqwB97E+XoegQ==}
    dependencies:
      pkg-up: 3.1.0
      semver: 7.3.5
    dev: false

  /fastify-cookie@5.3.1:
    resolution: {integrity: sha512-ubiC5ydvgqaXOydeg3G+SFEiTJtsyNPde6ForXi+UG66aDbsHlWNLJTQZg4BopXv+MJ0SzlShGVCWv26mgAwpw==}
    dependencies:
      cookie: 0.4.1
      cookie-signature: 1.1.0
      fastify-plugin: 3.0.0
    dev: false

  /fastify-error@0.3.1:
    resolution: {integrity: sha512-oCfpcsDndgnDVgiI7bwFKAun2dO+4h84vBlkWsWnz/OUK9Reff5UFoFl241xTiLeHWX/vU9zkDVXqYUxjOwHcQ==}
    dev: false

  /fastify-helmet@5.3.2:
    resolution: {integrity: sha512-X9lKZa7wjvMe79eUP0Fo+3GMMmbxKC92ddJGdmSIEZxn0JwSw+Fw5mlOiM9RABRQGphdLDSHIL/29ywH7GUusQ==}
    dependencies:
      fastify-plugin: 3.0.0
      helmet: 4.6.0
    dev: false

  /fastify-jwt@3.2.0:
    resolution: {integrity: sha512-WcYUrudiqeT/HrdUMvC/hXHy+kqXuSO8qc82FrxM2VPXqpjQBpOPgBjBiwXj1XKdtHa5RgtXF0amlDiUTfxDAw==}
    engines: {node: '>=10'}
    dependencies:
      '@types/jsonwebtoken': 8.5.5
      fastify-plugin: 3.0.0
      http-errors: 1.8.0
      jsonwebtoken: 8.5.1
      steed: 1.1.3
    dev: false

  /fastify-plugin@3.0.0:
    resolution: {integrity: sha512-ZdCvKEEd92DNLps5n0v231Bha8bkz1DjnPP/aEz37rz/q42Z5JVLmgnqR4DYuNn3NXAO3IDCPyRvgvxtJ4Ym4w==}
    dev: false

  /fastify-warning@0.2.0:
    resolution: {integrity: sha512-s1EQguBw/9qtc1p/WTY4eq9WMRIACkj+HTcOIK1in4MV5aFaQC9ZCIt0dJ7pr5bIf4lPpHvAtP2ywpTNgs7hqw==}
    dev: false

  /fastify@3.22.0:
    resolution: {integrity: sha512-JWNf/S90SOiOp6SwhMFdTT43+jT/gB2Yi2tPHQ/e7Kaua9PzFLm7Qmwhe2jBA3X6HPDKNugrRd7oPYeIb1Q3Zg==}
    dependencies:
      '@fastify/ajv-compiler': 1.1.0
      abstract-logging: 2.0.1
      avvio: 7.2.2
      fast-json-stringify: 2.7.10
      fastify-error: 0.3.1
      fastify-warning: 0.2.0
      find-my-way: 4.3.3
      flatstr: 1.0.12
      light-my-request: 4.5.0
      pino: 6.13.3
      proxy-addr: 2.0.7
      readable-stream: 3.6.0
      rfdc: 1.3.0
      secure-json-parse: 2.4.0
      semver: 7.3.5
      tiny-lru: 7.0.6
    transitivePeerDependencies:
      - supports-color
    dev: false

  /fastparallel@2.4.0:
    resolution: {integrity: sha512-sacwQ7wwKlQXsa7TN24UvMBLZNLmVcPhmxccC9riFqb3N+fSczJL8eWdnZodZ/KijGVgNBBfvF/NeXER08uXnQ==}
    dependencies:
      reusify: 1.0.4
      xtend: 4.0.2
    dev: false

  /fastq@1.13.0:
    resolution: {integrity: sha512-YpkpUnK8od0o1hmeSc7UUs/eB/vIPWJYjKck2QKIzAf71Vm1AAQ3EbuZB3g2JIy+pg+ERD0vqI79KyZiB2e2Nw==}
    dependencies:
      reusify: 1.0.4
    dev: false

  /fastseries@1.7.2:
    resolution: {integrity: sha1-0izhO5Qz3/M4jZHb1ri9qbIaD0s=}
    dependencies:
      reusify: 1.0.4
      xtend: 4.0.2
    dev: false

  /find-my-way@4.3.3:
    resolution: {integrity: sha512-5E4bRdaATB1MewjOCBjx4xvD205a4t2ripCnXB+YFhYEJ0NABtrcC7XLXLq0TPoFe/WYGUFqys3Qk3HCOGeNcw==}
    engines: {node: '>=10'}
    dependencies:
      fast-decode-uri-component: 1.0.1
      fast-deep-equal: 3.1.3
      safe-regex2: 2.0.0
      semver-store: 0.3.0
    dev: false

  /find-up@3.0.0:
    resolution: {integrity: sha512-1yD6RmLI1XBfxugvORwlck6f75tYL+iR0jqwsOrOxMZyGYqUuDhJ0l4AXdO1iX/FTs9cBAMEk1gWSEx1kSbylg==}
    engines: {node: '>=6'}
    dependencies:
      locate-path: 3.0.0
    dev: false

  /flatstr@1.0.12:
    resolution: {integrity: sha512-4zPxDyhCyiN2wIAtSLI6gc82/EjqZc1onI4Mz/l0pWrAlsSfYH/2ZIcU+e3oA2wDwbzIWNKwa23F8rh6+DRWkw==}
    dev: false

  /follow-redirects@1.14.4:
    resolution: {integrity: sha512-zwGkiSXC1MUJG/qmeIFH2HBJx9u0V46QGUe3YR1fXG8bXQxq7fLj0RjLZQ5nubr9qNJUZrH+xUcwXEoXNpfS+g==}
    engines: {node: '>=4.0'}
    peerDependencies:
      debug: '*'
    peerDependenciesMeta:
      debug:
        optional: true
    dev: false

  /forwarded@0.2.0:
    resolution: {integrity: sha512-buRG0fpBtRHSTCOASe6hD258tEubFoRLb4ZNA6NxMVHNw2gOcwHo9wyablzMzOA5z9xA9L1KNjk/Nt6MT9aYow==}
    engines: {node: '>= 0.6'}
    dev: false

  /get-caller-file@2.0.5:
    resolution: {integrity: sha512-DyFP3BM/3YHTQOCUL/w0OZHR0lpKeGrxotcHWcqNEdnltqFwXVfhEBQ94eIo34AfQpo0rGki4cyIiftY06h2Fg==}
    engines: {node: 6.* || 8.* || >= 10.*}
    dev: false

  /has-flag@3.0.0:
    resolution: {integrity: sha1-tdRU3CGZriJWmfNGfloH87lVuv0=}
    engines: {node: '>=4'}
    dev: true

  /helmet@4.6.0:
    resolution: {integrity: sha512-HVqALKZlR95ROkrnesdhbbZJFi/rIVSoNq6f3jA/9u6MIbTsPh3xZwihjeI5+DO/2sOV6HMHooXcEOuwskHpTg==}
    engines: {node: '>=10.0.0'}
    dev: false

  /http-errors@1.8.0:
    resolution: {integrity: sha512-4I8r0C5JDhT5VkvI47QktDW75rNlGVsUf/8hzjCC/wkWI/jdTRmBb9aI7erSG82r1bjKY3F6k28WnsVxB1C73A==}
    engines: {node: '>= 0.6'}
    dependencies:
      depd: 1.1.2
      inherits: 2.0.4
      setprototypeof: 1.2.0
      statuses: 1.5.0
      toidentifier: 1.0.0
    dev: false

  /http-status-codes@2.1.4:
    resolution: {integrity: sha512-MZVIsLKGVOVE1KEnldppe6Ij+vmemMuApDfjhVSLzyYP+td0bREEYyAoIw9yFePoBXManCuBqmiNP5FqJS5Xkg==}
    dev: false

  /ieee754@1.2.1:
    resolution: {integrity: sha512-dcyqhDvX1C46lXZcVqCpK+FtMRQVdIMN6/Df5js2zouUsqG7I6sFxitIC+7KYK29KdXOLHdu9zL4sFnoVQnqaA==}
    dev: false

  /inherits@2.0.4:
    resolution: {integrity: sha512-k/vGaX4/Yla3WzyMCvTQOXYeIHvqOKtnqBduzTHpzpQZzAskKMhZ2K+EnBiSM9zGSoIFeMpXKxa4dYeZIQqewQ==}

  /ioredis@4.27.10:
    resolution: {integrity: sha512-BtV2mEoZlhnW0EyxuK49V5iutLeZeJAYi/+Fuc4Q6DpDjq0cGMLODdS/+Kb5CHpT7v3YT6SK0vgJF6y0Ls4+Bg==}
    engines: {node: '>=6'}
    dependencies:
      cluster-key-slot: 1.1.0
      debug: 4.3.2
      denque: 1.5.1
      lodash.defaults: 4.2.0
      lodash.flatten: 4.4.0
      lodash.isarguments: 3.1.0
      p-map: 2.1.0
      redis-commands: 1.7.0
      redis-errors: 1.2.0
      redis-parser: 3.0.0
      standard-as-callback: 2.1.0
    transitivePeerDependencies:
      - supports-color
    dev: false

  /ipaddr.js@1.9.1:
    resolution: {integrity: sha512-0KI/607xoxSToH7GjN1FfSbLoU0+btTicjsQSWQlh/hZykN8KpmMf7uYwPW3R+akZ6R/w18ZlXSHBYXiYUPO3g==}
    engines: {node: '>= 0.10'}
    dev: false

  /is-fullwidth-code-point@3.0.0:
    resolution: {integrity: sha512-zymm5+u+sCsSWyD9qNaejV3DFvhCKclKdizYaJUuHA83RLjb7nSuGnddCHGv0hk+KY7BMAlsWeK4Ueg6EV6XQg==}
    engines: {node: '>=8'}
    dev: false

  /joycon@3.0.1:
    resolution: {integrity: sha512-SJcJNBg32dGgxhPtM0wQqxqV0ax9k/9TaUskGDSJkSFSQOEWWvQ3zzWdGQRIUry2j1zA5+ReH13t0Mf3StuVZA==}
    engines: {node: '>=10'}
    dev: true

  /json-schema-traverse@0.4.1:
    resolution: {integrity: sha512-xbbCH5dCYU5T8LcEhhuh7HJ88HXuW3qsI3Y0zOZFKfZEHcpWiHU/Jxzk629Brsab/mMiHQti9wMP+845RPe3Vg==}
    dev: false

  /json-schema-traverse@1.0.0:
    resolution: {integrity: sha512-NM8/P9n3XjXhIZn1lLhkFaACTOURQXjWhV4BA/RnOv8xvgqtqpAX9IO4mRQxSx1Rlo4tqzeqb0sOlruaOy3dug==}
    dev: false

  /json-schema-typed@7.0.3:
    resolution: {integrity: sha512-7DE8mpG+/fVw+dTpjbxnx47TaMnDfOI1jwft9g1VybltZCduyRQPJPvc+zzKY9WPHxhPWczyFuYa6I8Mw4iU5A==}
    dev: false

  /jsonwebtoken@8.5.1:
    resolution: {integrity: sha512-XjwVfRS6jTMsqYs0EsuJ4LGxXV14zQybNd4L2r0UvbVnSF9Af8x7p5MzbJ90Ioz/9TI41/hTCvznF/loiSzn8w==}
    engines: {node: '>=4', npm: '>=1.4.28'}
    dependencies:
      jws: 3.2.2
      lodash.includes: 4.3.0
      lodash.isboolean: 3.0.3
      lodash.isinteger: 4.0.4
      lodash.isnumber: 3.0.3
      lodash.isplainobject: 4.0.6
      lodash.isstring: 4.0.1
      lodash.once: 4.1.1
      ms: 2.1.2
      semver: 5.7.1
    dev: false

  /jwa@1.4.1:
    resolution: {integrity: sha512-qiLX/xhEEFKUAJ6FiBMbes3w9ATzyk5W7Hvzpa/SLYdxNtng+gcurvrI7TbACjIXlsJyr05/S1oUhZrc63evQA==}
    dependencies:
      buffer-equal-constant-time: 1.0.1
      ecdsa-sig-formatter: 1.0.11
      safe-buffer: 5.2.1
    dev: false

  /jws@3.2.2:
    resolution: {integrity: sha512-YHlZCB6lMTllWDtSPHz/ZXTsi8S00usEV6v1tjq8tOUZzw7DpSDWVXjXDre6ed1w/pd495ODpHZYSdkRTsa0HA==}
    dependencies:
      jwa: 1.4.1
      safe-buffer: 5.2.1
    dev: false

  /kareem@2.3.2:
    resolution: {integrity: sha512-STHz9P7X2L4Kwn72fA4rGyqyXdmrMSdxqHx9IXon/FXluXieaFA6KJ2upcHAHxQPQ0LeM/OjLrhFxifHewOALQ==}
    dev: false

  /leven@2.1.0:
    resolution: {integrity: sha1-wuep93IJTe6dNCAq6KzORoeHVYA=}
    engines: {node: '>=0.10.0'}
    dev: true

  /light-my-request@4.5.0:
    resolution: {integrity: sha512-s9+n86YBw7M44lUZZWm7s/6kZm0ri7+gm0RJCIzX73btlzu37AdZPnRbYl6GX26UsFLPiVHCjMz8Z2jmLzzF5Q==}
    dependencies:
      ajv: 8.6.3
      cookie: 0.4.1
      fastify-warning: 0.2.0
      readable-stream: 3.6.0
      set-cookie-parser: 2.4.8
    dev: false

  /locate-path@3.0.0:
    resolution: {integrity: sha512-7AO748wWnIhNqAuaty2ZWHkQHRSNfPVIsPIfwEOWO22AmaoVrWavlOcMR5nzTLNYvp36X220/maaRsrec1G65A==}
    engines: {node: '>=6'}
    dependencies:
      p-locate: 3.0.0
      path-exists: 3.0.0
    dev: false

  /lodash.defaults@4.2.0:
    resolution: {integrity: sha1-0JF4cW/+pN3p5ft7N/bwgCJ0WAw=}
    dev: false

  /lodash.flatten@4.4.0:
    resolution: {integrity: sha1-8xwiIlqWMtK7+OSt2+8kCqdlph8=}
    dev: false

  /lodash.includes@4.3.0:
    resolution: {integrity: sha1-YLuYqHy5I8aMoeUTJUgzFISfVT8=}
    dev: false

  /lodash.isarguments@3.1.0:
    resolution: {integrity: sha1-L1c9hcaiQon/AGY7SRwdM4/zRYo=}
    dev: false

  /lodash.isboolean@3.0.3:
    resolution: {integrity: sha1-bC4XHbKiV82WgC/UOwGyDV9YcPY=}
    dev: false

  /lodash.isinteger@4.0.4:
    resolution: {integrity: sha1-YZwK89A/iwTDH1iChAt3sRzWg0M=}
    dev: false

  /lodash.isnumber@3.0.3:
    resolution: {integrity: sha1-POdoEMWSjQM1IwGsKHMX8RwLH/w=}
    dev: false

  /lodash.isplainobject@4.0.6:
    resolution: {integrity: sha1-fFJqUtibRcRcxpC4gWO+BJf1UMs=}
    dev: false

  /lodash.isstring@4.0.1:
    resolution: {integrity: sha1-1SfftUVuynzJu5XV2ur4i6VKVFE=}
    dev: false

  /lodash.once@4.1.1:
    resolution: {integrity: sha1-DdOXEhPHxW34gJd9UEyI+0cal6w=}
    dev: false

  /lodash@4.17.21:
    resolution: {integrity: sha512-v2kDEe57lecTulaDIuNTPy3Ry4gLGJ6Z1O3vE1krgXZNrsQ+LFTGHVxVjcXPs17LhbZVGedAJv8XZ1tvj5FvSg==}
    dev: false

  /lru-cache@6.0.0:
    resolution: {integrity: sha512-Jo6dJ04CmSjuznwJSS3pUeWmd/H0ffTlkXXgwZi+eq1UCmqQwCh+eLsYOYCwY991i2Fah4h1BEMCx4qThGbsiA==}
    engines: {node: '>=10'}
    dependencies:
      yallist: 4.0.0
    dev: false

  /make-error@1.3.6:
    resolution: {integrity: sha512-s8UhlNe7vPKomQhC1qFelMokr/Sc3AgNbso3n74mVPA5LTZwkB9NlXf4XPamLxJE8h0gh73rM94xvwRT2CVInw==}
    dev: false

  /make-promises-safe@5.1.0:
    resolution: {integrity: sha512-AfdZ49rtyhQR/6cqVKGoH7y4ql7XkS5HJI1lZm0/5N6CQosy1eYbBJ/qbhkKHzo17UH7M918Bysf6XB9f3kS1g==}
    dev: false

  /memory-pager@1.5.0:
    resolution: {integrity: sha512-ZS4Bp4r/Zoeq6+NLJpP+0Zzm0pR8whtGPf1XExKLJBAczGMnSi3It14OiNCStjQjM6NU1okjQGSxgEZN8eBYKg==}
    dev: false
    optional: true

  /minimatch@3.0.5:
    resolution: {integrity: sha512-tUpxzX0VAzJHjLu0xUfFv1gwVp9ba3IOuRAVH2EGuRW8a5emA2FlACLqiT/lDVtS1W+TGNwqz3sWaNyLgDJWuw==}
    dependencies:
      brace-expansion: 1.1.11
    dev: false

  /mongodb-connection-string-url@2.1.0:
    resolution: {integrity: sha512-Qf9Zw7KGiRljWvMrrUFDdVqo46KIEiDuCzvEN97rh/PcKzk2bd6n9KuzEwBwW9xo5glwx69y1mI6s+jFUD/aIQ==}
    dependencies:
      '@types/whatwg-url': 8.2.1
      whatwg-url: 9.1.0
    dev: false

  /mongodb@4.1.2:
    resolution: {integrity: sha512-pHCKDoOy1h6mVurziJmXmTMPatYWOx8pbnyFgSgshja9Y36Q+caHUzTDY6rrIy9HCSrjnbXmx3pCtvNZHmR8xg==}
    engines: {node: '>=12.9.0'}
    dependencies:
      bson: 4.5.3
      denque: 2.0.1
      mongodb-connection-string-url: 2.1.0
    optionalDependencies:
      saslprep: 1.0.3
    dev: false

  /mongoose@6.0.10:
    resolution: {integrity: sha512-p/wiEDUXoQuyb/xQx8QW/YGN92ZsojJ5E/DDgMCUU0WOGxc5uhcWoZ7ijLu6Ssjq8UkwVSv+jzkYp4Wbr+NqBg==}
    engines: {node: '>=12.0.0'}
    dependencies:
      bson: 4.5.3
      kareem: 2.3.2
      mongodb: 4.1.2
      mpath: 0.8.4
      mquery: 4.0.0
      ms: 2.1.2
      regexp-clone: 1.0.0
      sift: 13.5.2
      sliced: 1.0.1
    transitivePeerDependencies:
      - supports-color
    dev: false

  /mpath@0.8.4:
    resolution: {integrity: sha512-DTxNZomBcTWlrMW76jy1wvV37X/cNNxPW1y2Jzd4DZkAaC5ZGsm8bfGfNOthcDuRJujXLqiuS6o3Tpy0JEoh7g==}
    engines: {node: '>=4.0.0'}
    dev: false

  /mquery@4.0.0:
    resolution: {integrity: sha512-nGjm89lHja+T/b8cybAby6H0YgA4qYC/lx6UlwvHGqvTq8bDaNeCwl1sY8uRELrNbVWJzIihxVd+vphGGn1vBw==}
    engines: {node: '>=12.0.0'}
    dependencies:
      debug: 4.3.2
      regexp-clone: 1.0.0
      sliced: 1.0.1
    transitivePeerDependencies:
      - supports-color
    dev: false

  /mri@1.1.4:
    resolution: {integrity: sha512-6y7IjGPm8AzlvoUrwAaw1tLnUBudaS3752vcd8JtrpGGQn+rXIe63LFVHm/YMwtqAuh+LJPCFdlLYPWM1nYn6w==}
    engines: {node: '>=4'}
    dev: true

  /ms@2.1.2:
    resolution: {integrity: sha512-sGkPx+VjMtmA6MX27oA4FBFELFCZZ4S4XqeGOXCv68tT+jb3vk/RyaKWP0PTKyWtmLSM0b+adUTEvbs1PEaH2w==}
    dev: false

  /once@1.4.0:
    resolution: {integrity: sha1-WDsap3WWHUsROsF9nFC6753Xa9E=}
    dependencies:
      wrappy: 1.0.2
    dev: true

  /p-limit@2.3.0:
    resolution: {integrity: sha512-//88mFWSJx8lxCzwdAABTJL2MyWB12+eIY7MDL2SqLmAkeKU9qxRvWuSyTjm3FUmpBEMuFfckAIqEaVGUDxb6w==}
    engines: {node: '>=6'}
    dependencies:
      p-try: 2.2.0
    dev: false

  /p-locate@3.0.0:
    resolution: {integrity: sha512-x+12w/To+4GFfgJhBEpiDcLozRJGegY+Ei7/z0tSLkMmxGZNybVMSfWj9aJn8Z5Fc7dBUNJOOVgPv2H7IwulSQ==}
    engines: {node: '>=6'}
    dependencies:
      p-limit: 2.3.0
    dev: false

  /p-map@2.1.0:
    resolution: {integrity: sha512-y3b8Kpd8OAN444hxfBbFfj1FY/RjtTd8tzYwhUqNYXx0fXx2iX4maP4Qr6qhIKbQXI02wTLAda4fYUbDagTUFw==}
    engines: {node: '>=6'}
    dev: false

  /p-try@2.2.0:
    resolution: {integrity: sha512-R4nPAVTAU0B9D35/Gk3uJf/7XYbQcyohSKdvAxIRSNghFl4e71hVoGnBNQz9cWaXxO2I10KTC+3jMdvvoKw6dQ==}
    engines: {node: '>=6'}
    dev: false

  /path-exists@3.0.0:
    resolution: {integrity: sha1-zg6+ql94yxiSXqfYENe1mwEP1RU=}
    engines: {node: '>=4'}
    dev: false

  /pino-abstract-transport@0.3.0:
    resolution: {integrity: sha512-jsd59/ruahIoIU4xAdFtvk3lS9rwsDNJ7Vi0K34ATh1PEOD796SPqvydMaRk296CeTROyBG0SNCwsshN6QhxVg==}
    dependencies:
      split2: 3.2.2
    dev: true

  /pino-pretty@7.0.1:
    resolution: {integrity: sha512-GMcNSmkZkwZseMOkaQWgmkGBPPhSuVwDZMf85i3sbkD/rZldoYyLSyU22YcXvYoLc3usX25GLA1VN6zvzQx7MQ==}
    hasBin: true
    dependencies:
      args: 5.0.1
      colorette: 2.0.16
      dateformat: 4.6.3
      fast-safe-stringify: 2.1.1
      joycon: 3.0.1
      pino-abstract-transport: 0.3.0
      pump: 3.0.0
      readable-stream: 3.6.0
      rfdc: 1.3.0
      secure-json-parse: 2.4.0
      sonic-boom: 2.3.0
      strip-json-comments: 3.1.1
    dev: true

  /pino-std-serializers@3.2.0:
    resolution: {integrity: sha512-EqX4pwDPrt3MuOAAUBMU0Tk5kR/YcCM5fNPEzgCO2zJ5HfX0vbiH9HbJglnyeQsN96Kznae6MWD47pZB5avTrg==}
    dev: false

  /pino@6.13.3:
    resolution: {integrity: sha512-tJy6qVgkh9MwNgqX1/oYi3ehfl2Y9H0uHyEEMsBe74KinESIjdMrMQDWpcZPpPicg3VV35d/GLQZmo4QgU2Xkg==}
    hasBin: true
    dependencies:
      fast-redact: 3.0.2
      fast-safe-stringify: 2.1.1
      fastify-warning: 0.2.0
      flatstr: 1.0.12
      pino-std-serializers: 3.2.0
      quick-format-unescaped: 4.0.4
      sonic-boom: 1.4.1
    dev: false

  /pkg-up@3.1.0:
    resolution: {integrity: sha512-nDywThFk1i4BQK4twPQ6TA4RT8bDY96yeuCVBWL3ePARCiEKDRSrNGbFIgUJpLp+XeIR65v8ra7WuJOFUBtkMA==}
    engines: {node: '>=8'}
    dependencies:
      find-up: 3.0.0
    dev: false

  /proxy-addr@2.0.7:
    resolution: {integrity: sha512-llQsMLSUDUPT44jdrU/O37qlnifitDP+ZwrmmZcoSKyLKvtZxpyV0n2/bD/N4tBAAZ/gJEdZU7KMraoK1+XYAg==}
    engines: {node: '>= 0.10'}
    dependencies:
      forwarded: 0.2.0
      ipaddr.js: 1.9.1
    dev: false

  /pump@3.0.0:
    resolution: {integrity: sha512-LwZy+p3SFs1Pytd/jYct4wpv49HiYCqd9Rlc5ZVdk0V+8Yzv6jR5Blk3TRmPL1ft69TxP0IMZGJ+WPFU2BFhww==}
    dependencies:
      end-of-stream: 1.4.4
      once: 1.4.0
    dev: true

  /punycode@2.1.1:
    resolution: {integrity: sha512-XRsRjdf+j5ml+y/6GKHPZbrF/8p2Yga0JPtdqTIY2Xe5ohJPD9saDJJLPvp9+NSBprVvevdXZybnj2cv8OEd0A==}
    engines: {node: '>=6'}
    dev: false

  /queue-microtask@1.2.3:
    resolution: {integrity: sha512-NuaNSa6flKT5JaSYQzJok04JzTL1CA6aGhv5rfLW3PgqA+M2ChpZQnAC8h8i4ZFkBS8X5RqkDBHA7r4hej3K9A==}
    dev: false

  /quick-format-unescaped@4.0.4:
    resolution: {integrity: sha512-tYC1Q1hgyRuHgloV/YXs2w15unPVh8qfu/qCTfhTYamaw7fyhumKa2yGpdSo87vY32rIclj+4fWYQXUMs9EHvg==}
    dev: false

  /readable-stream@3.6.0:
    resolution: {integrity: sha512-BViHy7LKeTz4oNnkcLJ+lVSL6vpiFeX6/d3oSH8zCW7UxP2onchk+vTGB143xuFjHS3deTgkKoXXymXqymiIdA==}
    engines: {node: '>= 6'}
    dependencies:
      inherits: 2.0.4
      string_decoder: 1.3.0
      util-deprecate: 1.0.2

  /redis-commands@1.7.0:
    resolution: {integrity: sha512-nJWqw3bTFy21hX/CPKHth6sfhZbdiHP6bTawSgQBlKOVRG7EZkfHbbHwQJnrE4vsQf0CMNE+3gJ4Fmm16vdVlQ==}
    dev: false

  /redis-errors@1.2.0:
    resolution: {integrity: sha1-62LSrbFeTq9GEMBK/hUpOEJQq60=}
    engines: {node: '>=4'}
    dev: false

  /redis-parser@3.0.0:
    resolution: {integrity: sha1-tm2CjNyv5rS4pCin3vTGvKwxyLQ=}
    engines: {node: '>=4'}
    dependencies:
      redis-errors: 1.2.0
    dev: false

  /regexp-clone@1.0.0:
    resolution: {integrity: sha512-TuAasHQNamyyJ2hb97IuBEif4qBHGjPHBS64sZwytpLEqtBQ1gPJTnOaQ6qmpET16cK14kkjbazl6+p0RRv0yw==}
    dev: false

  /require-directory@2.1.1:
    resolution: {integrity: sha1-jGStX9MNqxyXbiNE/+f3kqam30I=}
    engines: {node: '>=0.10.0'}
    dev: false

  /require-from-string@2.0.2:
    resolution: {integrity: sha512-Xf0nWe6RseziFMu+Ap9biiUbmplq6S9/p+7w7YXP/JBHhrUDDUhwa+vANyubuqfZWTveU//DYVGsDG7RKL/vEw==}
    engines: {node: '>=0.10.0'}
    dev: false

  /ret@0.2.2:
    resolution: {integrity: sha512-M0b3YWQs7R3Z917WRQy1HHA7Ba7D8hvZg6UE5mLykJxQVE2ju0IXbGlaHPPlkY+WN7wFP+wUMXmBFA0aV6vYGQ==}
    engines: {node: '>=4'}
    dev: false

  /reusify@1.0.4:
    resolution: {integrity: sha512-U9nH88a3fc/ekCF1l0/UP1IosiuIjyTh7hBvXVMHYgVcfGvt897Xguj2UOLDeI5BG2m7/uwyaLVT6fbtCwTyzw==}
    engines: {iojs: '>=1.0.0', node: '>=0.10.0'}
    dev: false

  /rfdc@1.3.0:
    resolution: {integrity: sha512-V2hovdzFbOi77/WajaSMXk2OLm+xNIeQdMMuB7icj7bk6zi2F8GGAxigcnDFpJHbNyNcgyJDiP+8nOrY5cZGrA==}

  /safe-buffer@5.2.1:
    resolution: {integrity: sha512-rp3So07KcdmmKbGvgaNxQSJr7bGVSVk5S9Eq1F+ppbRo70+YeaDxkw5Dd8NPN+GD6bjnYm2VuPuCXmpuYvmCXQ==}

  /safe-regex2@2.0.0:
    resolution: {integrity: sha512-PaUSFsUaNNuKwkBijoAPHAK6/eM6VirvyPWlZ7BAQy4D+hCvh4B6lIG+nPdhbFfIbP+gTGBcrdsOaUs0F+ZBOQ==}
    dependencies:
      ret: 0.2.2
    dev: false

  /saslprep@1.0.3:
    resolution: {integrity: sha512-/MY/PEMbk2SuY5sScONwhUDsV2p77Znkb/q3nSVstq/yQzYJOH/Azh29p9oJLsl3LnQwSvZDKagDGBsBwSooag==}
    engines: {node: '>=6'}
    requiresBuild: true
    dependencies:
      sparse-bitfield: 3.0.3
    dev: false
    optional: true

  /secure-json-parse@2.4.0:
    resolution: {integrity: sha512-Q5Z/97nbON5t/L/sH6mY2EacfjVGwrCcSi5D3btRO2GZ8pf1K1UN7Z9H5J57hjVU2Qzxr1xO+FmBhOvEkzCMmg==}

  /semver-store@0.3.0:
    resolution: {integrity: sha512-TcZvGMMy9vodEFSse30lWinkj+JgOBvPn8wRItpQRSayhc+4ssDs335uklkfvQQJgL/WvmHLVj4Ycv2s7QCQMg==}
    dev: false

  /semver@5.7.1:
    resolution: {integrity: sha512-sauaDf/PZdVgrLTNYHRtpXa1iRiKcaebiKQ1BJdpQlWH2lCvexQdX55snPFyK7QzpudqbCI0qXFfOasHdyNDGQ==}
    hasBin: true
    dev: false

  /semver@7.3.5:
    resolution: {integrity: sha512-PoeGJYh8HK4BTO/a9Tf6ZG3veo/A7ZVsYrSA6J8ny9nb3B1VrpkuN+z9OE5wfE5p6H4LchYZsegiQgbJD94ZFQ==}
    engines: {node: '>=10'}
    hasBin: true
    dependencies:
      lru-cache: 6.0.0
    dev: false

  /set-cookie-parser@2.4.8:
    resolution: {integrity: sha512-edRH8mBKEWNVIVMKejNnuJxleqYE/ZSdcT8/Nem9/mmosx12pctd80s2Oy00KNZzrogMZS5mauK2/ymL1bvlvg==}
    dev: false

  /setprototypeof@1.2.0:
    resolution: {integrity: sha512-E5LDX7Wrp85Kil5bhZv46j8jOeboKq5JMmYM3gVGdGH8xFpPWXUMsNrlODCrkoxMEeNi/XZIwuRvY4XNwYMJpw==}
    dev: false

  /sift@13.5.2:
    resolution: {integrity: sha512-+gxdEOMA2J+AI+fVsCqeNn7Tgx3M9ZN9jdi95939l1IJ8cZsqS8sqpJyOkic2SJk+1+98Uwryt/gL6XDaV+UZA==}
    dev: false

  /sliced@1.0.1:
    resolution: {integrity: sha1-CzpmK10Ewxd7GSa+qCsD+Dei70E=}
    dev: false

  /sonic-boom@1.4.1:
    resolution: {integrity: sha512-LRHh/A8tpW7ru89lrlkU4AszXt1dbwSjVWguGrmlxE7tawVmDBlI1PILMkXAxJTwqhgsEeTHzj36D5CmHgQmNg==}
    dependencies:
      atomic-sleep: 1.0.0
      flatstr: 1.0.12
    dev: false

  /sonic-boom@2.3.0:
    resolution: {integrity: sha512-lEPaw654/4/rCJHz/TNzV4GIthqCq4inO+O3aFhbdOvR1bE+2//sVkcS+xlqPdb8gdjQCEE0hE9BuvnVixbnWQ==}
    dependencies:
      atomic-sleep: 1.0.0

  /sparse-bitfield@3.0.3:
    resolution: {integrity: sha1-/0rm5oZWBWuks+eSqzM004JzyhE=}
    dependencies:
      memory-pager: 1.5.0
    dev: false
    optional: true

  /split2@3.2.2:
    resolution: {integrity: sha512-9NThjpgZnifTkJpzTZ7Eue85S49QwpNhZTq6GRJwObb6jnLFNGB7Qm73V5HewTROPyxD0C29xqmaI68bQtV+hg==}
    dependencies:
      readable-stream: 3.6.0
    dev: true

  /standard-as-callback@2.1.0:
    resolution: {integrity: sha512-qoRRSyROncaz1z0mvYqIE4lCd9p2R90i6GxW3uZv5ucSu8tU7B5HXUP1gG8pVZsYNVaXjk8ClXHPttLyxAL48A==}
    dev: false

  /statuses@1.5.0:
    resolution: {integrity: sha1-Fhx9rBd2Wf2YEfQ3cfqZOBR4Yow=}
    engines: {node: '>= 0.6'}
    dev: false

  /steed@1.1.3:
    resolution: {integrity: sha1-8VJd1a2xLrIb90dJU3Zo1iW5q8U=}
    dependencies:
      fastfall: 1.5.1
      fastparallel: 2.4.0
      fastq: 1.13.0
      fastseries: 1.7.2
      reusify: 1.0.4
    dev: false

  /string-similarity@4.0.4:
    resolution: {integrity: sha512-/q/8Q4Bl4ZKAPjj8WerIBJWALKkaPRfrvhfF8k/B23i4nzrlRj2/go1m90In7nG/3XDSbOo0+pu6RvCTM9RGMQ==}
    dev: false

  /string-width@4.2.3:
    resolution: {integrity: sha512-wKyQRQpjJ0sIp62ErSZdGsjMJWsap5oRNihHhu6G7JVO/9jIB6UyevL+tXuOqrng8j/cxKTWyWUwvSTriiZz/g==}
    engines: {node: '>=8'}
    dependencies:
      emoji-regex: 8.0.0
      is-fullwidth-code-point: 3.0.0
      strip-ansi: 6.0.1
    dev: false

  /string_decoder@1.3.0:
    resolution: {integrity: sha512-hkRX8U1WjJFd8LsDJ2yQ/wWWxaopEsABU1XfkM8A+j0+85JAGppt16cr1Whg6KIbb4okU6Mql6BOj+uup/wKeA==}
    dependencies:
      safe-buffer: 5.2.1

  /strip-ansi@6.0.1:
    resolution: {integrity: sha512-Y38VPSHcqkFrCpFnQ9vuSXmquuv5oXOKpGeT6aGrr3o3Gc9AlVa6JBfUSOCnbxGGZF+/0ooI7KrPuUSztUdU5A==}
    engines: {node: '>=8'}
    dependencies:
      ansi-regex: 5.0.1
    dev: false

  /strip-json-comments@3.1.1:
    resolution: {integrity: sha512-6fPc+R4ihwqP6N/aIv2f1gMH8lOVtWQHoqC4yK6oSDVVocumAsfCqjkXnqiYMhmMwS/mEHLp7Vehlt3ql6lEig==}
    engines: {node: '>=8'}
    dev: true

  /supports-color@5.5.0:
    resolution: {integrity: sha512-QjVjwdXIt408MIiAqCX4oUKsgU2EqAGzs2Ppkm4aQYbjm+ZEWEcW4SfFNTr4uMNZma0ey4f5lgLrkB0aX0QMow==}
    engines: {node: '>=4'}
    dependencies:
      has-flag: 3.0.0
    dev: true

  /tiny-lru@7.0.6:
    resolution: {integrity: sha512-zNYO0Kvgn5rXzWpL0y3RS09sMK67eGaQj9805jlK9G6pSadfriTczzLHFXa/xcW4mIRfmlB9HyQ/+SgL0V1uow==}
    engines: {node: '>=6'}
    dev: false

  /toidentifier@1.0.0:
    resolution: {integrity: sha512-yaOH/Pk/VEhBWWTlhI+qXxDFXlejDGcQipMlyxda9nthulaxLZUNcUqFxokp0vcYnvteJln5FNQDRrxj3YcbVw==}
    engines: {node: '>=0.6'}
    dev: false

  /tr46@2.1.0:
    resolution: {integrity: sha512-15Ih7phfcdP5YxqiB+iDtLoaTz4Nd35+IiAv0kQ5FNKHzXgdWqPoTIqEDDJmXceQt4JZk6lVPT8lnDlPpGDppw==}
    engines: {node: '>=8'}
    dependencies:
      punycode: 2.1.1
    dev: false

  /ts-node@10.4.0(@types/node@16.10.3)(typescript@4.4.3):
    resolution: {integrity: sha512-g0FlPvvCXSIO1JDF6S232P5jPYqBkRL9qly81ZgAOSU7rwI0stphCgd2kLiCrU9DjQCrJMWEqcNSjQL02s6d8A==}
    hasBin: true
    peerDependencies:
      '@swc/core': '>=1.2.50'
      '@swc/wasm': '>=1.2.50'
      '@types/node': '*'
      typescript: '>=2.7'
    peerDependenciesMeta:
      '@swc/core':
        optional: true
      '@swc/wasm':
        optional: true
    dependencies:
      '@cspotcode/source-map-support': 0.7.0
      '@tsconfig/node10': 1.0.8
      '@tsconfig/node12': 1.0.9
      '@tsconfig/node14': 1.0.1
      '@tsconfig/node16': 1.0.2
      '@types/node': 16.10.3
      acorn: 8.5.0
      acorn-walk: 8.2.0
      arg: 4.1.3
      create-require: 1.1.1
      diff: 4.0.2
      make-error: 1.3.6
      typescript: 4.4.3
      yn: 3.1.1
    dev: false

  /typescript@4.4.3:
    resolution: {integrity: sha512-4xfscpisVgqqDfPaJo5vkd+Qd/ItkoagnHpufr+i2QCHBsNYp+G7UAoyFl8aPtx879u38wPV65rZ8qbGZijalA==}
    engines: {node: '>=4.2.0'}
    hasBin: true
    dev: false

  /uri-js@4.4.1:
    resolution: {integrity: sha512-7rKUyy33Q1yc98pQ1DAmLtwX109F7TIfWlW1Ydo8Wl1ii1SeHieeh0HHfPeL2fMXK6z0s8ecKs9frCuLJvndBg==}
    dependencies:
      punycode: 2.1.1
    dev: false

  /util-deprecate@1.0.2:
    resolution: {integrity: sha1-RQ1Nyfpw3nMnYvvS1KKJgUGaDM8=}

  /webidl-conversions@6.1.0:
    resolution: {integrity: sha512-qBIvFLGiBpLjfwmYAaHPXsn+ho5xZnGvyGvsarywGNc8VyQJUMHJ8OBKGGrPER0okBeMDaan4mNBlgBROxuI8w==}
    engines: {node: '>=10.4'}
    dev: false

  /whatwg-url@9.1.0:
    resolution: {integrity: sha512-CQ0UcrPHyomtlOCot1TL77WyMIm/bCwrJ2D6AOKGwEczU9EpyoqAokfqrf/MioU9kHcMsmJZcg1egXix2KYEsA==}
    engines: {node: '>=12'}
    dependencies:
      tr46: 2.1.0
      webidl-conversions: 6.1.0
    dev: false

  /wrap-ansi@7.0.0:
    resolution: {integrity: sha512-YVGIj2kamLSTxw6NsZjoBxfSwsn0ycdesmc4p+Q21c5zPuZ1pl+NfxVdxPtdHvmNVOQ6XSYG4AUtyt/Fi7D16Q==}
    engines: {node: '>=10'}
    dependencies:
      ansi-styles: 4.3.0
      string-width: 4.2.3
      strip-ansi: 6.0.1
    dev: false

  /wrappy@1.0.2:
    resolution: {integrity: sha1-tSQ9jz7BqjXxNkYFvA0QNuMKtp8=}
    dev: true

  /xtend@4.0.2:
    resolution: {integrity: sha512-LKYU1iAXJXUgAXn9URjiu+MWhyUXHsvfp7mcuYm9dSUKK0/CjtrUwFAxD82/mCWbtLsGjFIad0wIsod4zrTAEQ==}
    engines: {node: '>=0.4'}
    dev: false

  /y18n@5.0.8:
    resolution: {integrity: sha512-0pfFzegeDWJHJIAmTLRP2DwHjdF5s7jo9tuztdQxAhINCdvS+3nGINqPd00AphqJR/0LhANUS6/+7SCb98YOfA==}
    engines: {node: '>=10'}
    dev: false

  /yallist@4.0.0:
    resolution: {integrity: sha512-3wdGidZyq5PB084XLES5TpOSRA3wjXAlIWMhum2kRcv/41Sn2emQ0dycQW4uZXLejwKvg6EsvbdlVL+FYEct7A==}
    dev: false

  /yargs-parser@20.2.9:
    resolution: {integrity: sha512-y11nGElTIV+CT3Zv9t7VKl+Q3hTQoT9a1Qzezhhl6Rp21gJ/IVTW7Z3y9EWXhuUBC2Shnf+DX0antecpAwSP8w==}
    engines: {node: '>=10'}
    dev: false

  /yargs@17.2.1:
    resolution: {integrity: sha512-XfR8du6ua4K6uLGm5S6fA+FIJom/MdJcFNVY8geLlp2v8GYbOXD4EB1tPNZsRn4vBzKGMgb5DRZMeWuFc2GO8Q==}
    engines: {node: '>=12'}
    dependencies:
      cliui: 7.0.4
      escalade: 3.1.1
      get-caller-file: 2.0.5
      require-directory: 2.1.1
      string-width: 4.2.3
      y18n: 5.0.8
      yargs-parser: 20.2.9
    dev: false

  /yn@3.1.1:
    resolution: {integrity: sha512-Ux4ygGWsu2c7isFWe8Yu1YluJmqVhxqK2cLXNQA5AcC3QfbGNpM7fu0Y8b/z16pXLnFxZYvWhd3fhBY9DLmC6Q==}
    engines: {node: '>=6'}
    dev: false
